
Microsoft Visual Studio Solution File, Format Version 12.00
# Visual Studio 15
VisualStudioVersion = 15.0.28307.779
MinimumVisualStudioVersion = 10.0.40219.1
Project("{FAE04EC0-301F-11D3-BF4B-00C04F79EFBC}") = "HubLibrary", "HubLibrary\HubLibrary.csproj", "{07F18DA1-9F2E-4BFA-A466-3308B28A90EC}"
EndProject
Project("{FAE04EC0-301F-11D3-BF4B-00C04F79EFBC}") = "PHDesktopUI", "PHDesktopUI\PHDesktopUI.csproj", "{713D2DDD-AAA2-4BB5-97C8-526EC9A43BE5}"
EndProject
Project("{54435603-DBB4-11D2-8724-00A0C9A8B90C}") = "Setup1", "Setup1\Setup1.vdproj", "{39BC806C-5CD0-4EC5-B288-7091F39B33FC}"
EndProject
Global
	GlobalSection(SolutionConfigurationPlatforms) = preSolution
		Debug|Any CPU = Debug|Any CPU
		Debug|x86 = Debug|x86
		Release|Any CPU = Release|Any CPU
		Release|x86 = Release|x86
	EndGlobalSection
	GlobalSection(ProjectConfigurationPlatforms) = postSolution
		{07F18DA1-9F2E-4BFA-A466-3308B28A90EC}.Debug|Any CPU.ActiveCfg = Debug|Any CPU
		{07F18DA1-9F2E-4BFA-A466-3308B28A90EC}.Debug|Any CPU.Build.0 = Debug|Any CPU
		{07F18DA1-9F2E-4BFA-A466-3308B28A90EC}.Debug|x86.ActiveCfg = Debug|x86
		{07F18DA1-9F2E-4BFA-A466-3308B28A90EC}.Debug|x86.Build.0 = Debug|x86
		{07F18DA1-9F2E-4BFA-A466-3308B28A90EC}.Release|Any CPU.ActiveCfg = Release|Any CPU
		{07F18DA1-9F2E-4BFA-A466-3308B28A90EC}.Release|Any CPU.Build.0 = Release|Any CPU
		{07F18DA1-9F2E-4BFA-A466-3308B28A90EC}.Release|x86.ActiveCfg = Release|x86
		{07F18DA1-9F2E-4BFA-A466-3308B28A90EC}.Release|x86.Build.0 = Release|x86
		{713D2DDD-AAA2-4BB5-97C8-526EC9A43BE5}.Debug|Any CPU.ActiveCfg = Debug|Any CPU
		{713D2DDD-AAA2-4BB5-97C8-526EC9A43BE5}.Debug|Any CPU.Build.0 = Debug|Any CPU
		{713D2DDD-AAA2-4BB5-97C8-526EC9A43BE5}.Debug|x86.ActiveCfg = Debug|x86
		{713D2DDD-AAA2-4BB5-97C8-526EC9A43BE5}.Debug|x86.Build.0 = Debug|x86
		{713D2DDD-AAA2-4BB5-97C8-526EC9A43BE5}.Release|Any CPU.ActiveCfg = Release|Any CPU
		{713D2DDD-AAA2-4BB5-97C8-526EC9A43BE5}.Release|Any CPU.Build.0 = Release|Any CPU
		{713D2DDD-AAA2-4BB5-97C8-526EC9A43BE5}.Release|x86.ActiveCfg = Release|x86
		{713D2DDD-AAA2-4BB5-97C8-526EC9A43BE5}.Release|x86.Build.0 = Release|x86
		{39BC806C-5CD0-4EC5-B288-7091F39B33FC}.Debug|Any CPU.ActiveCfg = Debug
		{39BC806C-5CD0-4EC5-B288-7091F39B33FC}.Debug|Any CPU.Build.0 = Debug
		{39BC806C-5CD0-4EC5-B288-7091F39B33FC}.Debug|x86.ActiveCfg = Debug
		{39BC806C-5CD0-4EC5-B288-7091F39B33FC}.Debug|x86.Build.0 = Debug
		{39BC806C-5CD0-4EC5-B288-7091F39B33FC}.Release|Any CPU.ActiveCfg = Release
		{39BC806C-5CD0-4EC5-B288-7091F39B33FC}.Release|Any CPU.Build.0 = Release
		{39BC806C-5CD0-4EC5-B288-7091F39B33FC}.Release|x86.ActiveCfg = Release
		{39BC806C-5CD0-4EC5-B288-7091F39B33FC}.Release|x86.Build.0 = Release
	EndGlobalSection
	GlobalSection(SolutionProperties) = preSolution
		HideSolutionNode = FALSE
	EndGlobalSection
	GlobalSection(ExtensibilityGlobals) = postSolution
		SolutionGuid = {CB925FB1-3F93-4668-A003-87D850709339}
	EndGlobalSection
EndGlobal
